
Microsoft Visual Studio Solution File, Format Version 12.00
# Visual Studio Version 17
VisualStudioVersion = 17.8.34511.84
MinimumVisualStudioVersion = 10.0.40219.1
Project("{FAE04EC0-301F-11D3-BF4B-00C04F79EFBC}") = "back.-end-s1-l03", "back.-end-s1-l03.csproj", "{3451C902-BE91-40AF-9810-A0794A10C244}"
EndProject
Global
	GlobalSection(SolutionConfigurationPlatforms) = preSolution
		Debug|Any CPU = Debug|Any CPU
		Release|Any CPU = Release|Any CPU
	EndGlobalSection
	GlobalSection(ProjectConfigurationPlatforms) = postSolution
		{3451C902-BE91-40AF-9810-A0794A10C244}.Debug|Any CPU.ActiveCfg = Debug|Any CPU
		{3451C902-BE91-40AF-9810-A0794A10C244}.Debug|Any CPU.Build.0 = Debug|Any CPU
		{3451C902-BE91-40AF-9810-A0794A10C244}.Release|Any CPU.ActiveCfg = Release|Any CPU
		{3451C902-BE91-40AF-9810-A0794A10C244}.Release|Any CPU.Build.0 = Release|Any CPU
	EndGlobalSection
	GlobalSection(SolutionProperties) = preSolution
		HideSolutionNode = FALSE
	EndGlobalSection
	GlobalSection(ExtensibilityGlobals) = postSolution
		SolutionGuid = {EED68645-C793-47F3-9027-A1FDA5C695F2}
	EndGlobalSection
EndGlobal
